
Microsoft Visual Studio Solution File, Format Version 12.00
# Visual Studio Version 17
VisualStudioVersion = 17.9.34622.214
MinimumVisualStudioVersion = 10.0.40219.1
Project("{FAE04EC0-301F-11D3-BF4B-00C04F79EFBC}") = "SimpleImageViewer", "SimpleImageViewer\SimpleImageViewer.csproj", "{1E5BCE5D-9A1E-4070-8CD5-0E6BFA77484B}"
EndProject
Global
	GlobalSection(SolutionConfigurationPlatforms) = preSolution
		Debug|Any CPU = Debug|Any CPU
		Release|Any CPU = Release|Any CPU
	EndGlobalSection
	GlobalSection(ProjectConfigurationPlatforms) = postSolution
		{1E5BCE5D-9A1E-4070-8CD5-0E6BFA77484B}.Debug|Any CPU.ActiveCfg = Debug|Any CPU
		{1E5BCE5D-9A1E-4070-8CD5-0E6BFA77484B}.Debug|Any CPU.Build.0 = Debug|Any CPU
		{1E5BCE5D-9A1E-4070-8CD5-0E6BFA77484B}.Release|Any CPU.ActiveCfg = Release|Any CPU
		{1E5BCE5D-9A1E-4070-8CD5-0E6BFA77484B}.Release|Any CPU.Build.0 = Release|Any CPU
	EndGlobalSection
	GlobalSection(SolutionProperties) = preSolution
		HideSolutionNode = FALSE
	EndGlobalSection
	GlobalSection(ExtensibilityGlobals) = postSolution
		SolutionGuid = {20322309-0C64-490A-B809-EBD91B369D21}
	EndGlobalSection
EndGlobal
